
Microsoft Visual Studio Solution File, Format Version 12.00
# Visual Studio Version 17
VisualStudioVersion = 17.4.33213.308
MinimumVisualStudioVersion = 10.0.40219.1
Project("{FAE04EC0-301F-11D3-BF4B-00C04F79EFBC}") = "PR18_8", "PR18_8\PR18_8.csproj", "{B4D8F8F7-59A2-4488-B7F7-940214882B6F}"
EndProject
Global
	GlobalSection(SolutionConfigurationPlatforms) = preSolution
		Debug|Any CPU = Debug|Any CPU
		Release|Any CPU = Release|Any CPU
	EndGlobalSection
	GlobalSection(ProjectConfigurationPlatforms) = postSolution
		{B4D8F8F7-59A2-4488-B7F7-940214882B6F}.Debug|Any CPU.ActiveCfg = Debug|Any CPU
		{B4D8F8F7-59A2-4488-B7F7-940214882B6F}.Debug|Any CPU.Build.0 = Debug|Any CPU
		{B4D8F8F7-59A2-4488-B7F7-940214882B6F}.Release|Any CPU.ActiveCfg = Release|Any CPU
		{B4D8F8F7-59A2-4488-B7F7-940214882B6F}.Release|Any CPU.Build.0 = Release|Any CPU
	EndGlobalSection
	GlobalSection(SolutionProperties) = preSolution
		HideSolutionNode = FALSE
	EndGlobalSection
	GlobalSection(ExtensibilityGlobals) = postSolution
		SolutionGuid = {892A771B-707F-44F1-9986-8FBBE675755D}
	EndGlobalSection
EndGlobal
