
Microsoft Visual Studio Solution File, Format Version 12.00
# Visual Studio 15
VisualStudioVersion = 15.0.28307.329
MinimumVisualStudioVersion = 10.0.40219.1
Project("{9A19103F-16F7-4668-BE54-9A1E7A4F7556}") = "SSU.ThreeLayer.BLL", "SSU.ThreeLayer.BLL\SSU.ThreeLayer.BLL.csproj", "{ECCFA380-9635-43EE-8C62-1F4B93E830A0}"
EndProject
Project("{2150E333-8FDC-42A3-9474-1A3956D46DE8}") = "BLL", "BLL", "{D96F7FE4-F53D-40C7-96CF-D9DC89849C0B}"
EndProject
Project("{2150E333-8FDC-42A3-9474-1A3956D46DE8}") = "DAL", "DAL", "{1CFF5345-35CE-4F83-A690-A52F45305822}"
EndProject
Project("{2150E333-8FDC-42A3-9474-1A3956D46DE8}") = "PL", "PL", "{47ACEFD5-CD54-40DD-8972-E52A34352D8F}"
EndProject
Project("{2150E333-8FDC-42A3-9474-1A3956D46DE8}") = "Common", "Common", "{94F6D80C-A33E-4C82-8DE5-E2E938F14B30}"
EndProject
Project("{9A19103F-16F7-4668-BE54-9A1E7A4F7556}") = "SSU.ThreeLayer.Entities", "SSU.ThreeLayer.Entities\SSU.ThreeLayer.Entities.csproj", "{367A803B-1677-4D27-8F15-6436876266F7}"
EndProject
Project("{9A19103F-16F7-4668-BE54-9A1E7A4F7556}") = "SSU.ThreeLayer.DAL", "SSU.ThreeLayer.DAL\SSU.ThreeLayer.DAL.csproj", "{78D8CFD0-3943-46E0-A692-C4ED7F463DA7}"
EndProject
Project("{FAE04EC0-301F-11D3-BF4B-00C04F79EFBC}") = "SSU.ThreeLayer.Common", "SSU.ThreeLayer.Common\SSU.ThreeLayer.Common.csproj", "{8E94CA4D-E201-40FA-8EF7-E061AA2B8773}"
EndProject
Project("{FAE04EC0-301F-11D3-BF4B-00C04F79EFBC}") = "SSU.ThreeLayer.ConsolePL", "SSU.ThreeLayer.ConsolePL\SSU.ThreeLayer.ConsolePL.csproj", "{AA6FDD42-1964-420A-820D-F6055A096DE6}"
EndProject
Global
	GlobalSection(SolutionConfigurationPlatforms) = preSolution
		Debug|Any CPU = Debug|Any CPU
		Release|Any CPU = Release|Any CPU
	EndGlobalSection
	GlobalSection(ProjectConfigurationPlatforms) = postSolution
		{ECCFA380-9635-43EE-8C62-1F4B93E830A0}.Debug|Any CPU.ActiveCfg = Debug|Any CPU
		{ECCFA380-9635-43EE-8C62-1F4B93E830A0}.Debug|Any CPU.Build.0 = Debug|Any CPU
		{ECCFA380-9635-43EE-8C62-1F4B93E830A0}.Release|Any CPU.ActiveCfg = Release|Any CPU
		{ECCFA380-9635-43EE-8C62-1F4B93E830A0}.Release|Any CPU.Build.0 = Release|Any CPU
		{367A803B-1677-4D27-8F15-6436876266F7}.Debug|Any CPU.ActiveCfg = Debug|Any CPU
		{367A803B-1677-4D27-8F15-6436876266F7}.Debug|Any CPU.Build.0 = Debug|Any CPU
		{367A803B-1677-4D27-8F15-6436876266F7}.Release|Any CPU.ActiveCfg = Release|Any CPU
		{367A803B-1677-4D27-8F15-6436876266F7}.Release|Any CPU.Build.0 = Release|Any CPU
		{78D8CFD0-3943-46E0-A692-C4ED7F463DA7}.Debug|Any CPU.ActiveCfg = Debug|Any CPU
		{78D8CFD0-3943-46E0-A692-C4ED7F463DA7}.Debug|Any CPU.Build.0 = Debug|Any CPU
		{78D8CFD0-3943-46E0-A692-C4ED7F463DA7}.Release|Any CPU.ActiveCfg = Release|Any CPU
		{78D8CFD0-3943-46E0-A692-C4ED7F463DA7}.Release|Any CPU.Build.0 = Release|Any CPU
		{8E94CA4D-E201-40FA-8EF7-E061AA2B8773}.Debug|Any CPU.ActiveCfg = Debug|Any CPU
		{8E94CA4D-E201-40FA-8EF7-E061AA2B8773}.Debug|Any CPU.Build.0 = Debug|Any CPU
		{8E94CA4D-E201-40FA-8EF7-E061AA2B8773}.Release|Any CPU.ActiveCfg = Release|Any CPU
		{8E94CA4D-E201-40FA-8EF7-E061AA2B8773}.Release|Any CPU.Build.0 = Release|Any CPU
		{AA6FDD42-1964-420A-820D-F6055A096DE6}.Debug|Any CPU.ActiveCfg = Debug|Any CPU
		{AA6FDD42-1964-420A-820D-F6055A096DE6}.Debug|Any CPU.Build.0 = Debug|Any CPU
		{AA6FDD42-1964-420A-820D-F6055A096DE6}.Release|Any CPU.ActiveCfg = Release|Any CPU
		{AA6FDD42-1964-420A-820D-F6055A096DE6}.Release|Any CPU.Build.0 = Release|Any CPU
	EndGlobalSection
	GlobalSection(SolutionProperties) = preSolution
		HideSolutionNode = FALSE
	EndGlobalSection
	GlobalSection(NestedProjects) = preSolution
		{ECCFA380-9635-43EE-8C62-1F4B93E830A0} = {D96F7FE4-F53D-40C7-96CF-D9DC89849C0B}
		{367A803B-1677-4D27-8F15-6436876266F7} = {94F6D80C-A33E-4C82-8DE5-E2E938F14B30}
		{78D8CFD0-3943-46E0-A692-C4ED7F463DA7} = {1CFF5345-35CE-4F83-A690-A52F45305822}
		{8E94CA4D-E201-40FA-8EF7-E061AA2B8773} = {94F6D80C-A33E-4C82-8DE5-E2E938F14B30}
		{AA6FDD42-1964-420A-820D-F6055A096DE6} = {47ACEFD5-CD54-40DD-8972-E52A34352D8F}
	EndGlobalSection
	GlobalSection(ExtensibilityGlobals) = postSolution
		SolutionGuid = {2D376572-E240-4628-8CC8-6765E5F4C0AB}
	EndGlobalSection
EndGlobal
