
Microsoft Visual Studio Solution File, Format Version 12.00
# Visual Studio Version 17
VisualStudioVersion = 17.3.32825.248
MinimumVisualStudioVersion = 10.0.40219.1
Project("{FAE04EC0-301F-11D3-BF4B-00C04F79EFBC}") = "BinarySearchTreeP_R21_I_19", "BinarySearchTreeP_R21_I_19.csproj", "{2B971886-168D-4A7C-834C-D66CB2936A1C}"
EndProject
Global
	GlobalSection(SolutionConfigurationPlatforms) = preSolution
		Debug|Any CPU = Debug|Any CPU
		Release|Any CPU = Release|Any CPU
	EndGlobalSection
	GlobalSection(ProjectConfigurationPlatforms) = postSolution
		{2B971886-168D-4A7C-834C-D66CB2936A1C}.Debug|Any CPU.ActiveCfg = Debug|Any CPU
		{2B971886-168D-4A7C-834C-D66CB2936A1C}.Debug|Any CPU.Build.0 = Debug|Any CPU
		{2B971886-168D-4A7C-834C-D66CB2936A1C}.Release|Any CPU.ActiveCfg = Release|Any CPU
		{2B971886-168D-4A7C-834C-D66CB2936A1C}.Release|Any CPU.Build.0 = Release|Any CPU
	EndGlobalSection
	GlobalSection(SolutionProperties) = preSolution
		HideSolutionNode = FALSE
	EndGlobalSection
	GlobalSection(ExtensibilityGlobals) = postSolution
		SolutionGuid = {D37FFD55-B885-4FD9-BC8E-3C57B48CBFBC}
	EndGlobalSection
EndGlobal
