
Microsoft Visual Studio Solution File, Format Version 12.00
# Visual Studio Version 17
VisualStudioVersion = 17.3.32825.248
MinimumVisualStudioVersion = 10.0.40219.1
Project("{FAE04EC0-301F-11D3-BF4B-00C04F79EFBC}") = "HaffmanCode", "HaffmanCode\HaffmanCode.csproj", "{CFC84C87-F5A7-4D32-B517-F98D71939926}"
EndProject
Global
	GlobalSection(SolutionConfigurationPlatforms) = preSolution
		Debug|Any CPU = Debug|Any CPU
		Release|Any CPU = Release|Any CPU
	EndGlobalSection
	GlobalSection(ProjectConfigurationPlatforms) = postSolution
		{CFC84C87-F5A7-4D32-B517-F98D71939926}.Debug|Any CPU.ActiveCfg = Debug|Any CPU
		{CFC84C87-F5A7-4D32-B517-F98D71939926}.Debug|Any CPU.Build.0 = Debug|Any CPU
		{CFC84C87-F5A7-4D32-B517-F98D71939926}.Release|Any CPU.ActiveCfg = Release|Any CPU
		{CFC84C87-F5A7-4D32-B517-F98D71939926}.Release|Any CPU.Build.0 = Release|Any CPU
	EndGlobalSection
	GlobalSection(SolutionProperties) = preSolution
		HideSolutionNode = FALSE
	EndGlobalSection
	GlobalSection(ExtensibilityGlobals) = postSolution
		SolutionGuid = {418A6B3C-DF46-4B4D-8388-F09595EA2373}
	EndGlobalSection
EndGlobal
